// !$*UTF8*$!
{
	archiveVersion = 1;
	classes = {
	};
	objectVersion = 70;
	objects = {

/* Begin PBXBuildFile section */
		6C8ED5802DE0A0C40023F708 /* SwiftMacros in Frameworks */ = {isa = PBXBuildFile; productRef = 6C8ED57F2DE0A0C40023F708 /* SwiftMacros */; };
		7E1378352B360A1B00C83B78 /* ContentView.swift in Sources */ = {isa = PBXBuildFile; fileRef = 7E1378342B360A1B00C83B78 /* ContentView.swift */; };
		7E1378372B360A1D00C83B78 /* Assets.xcassets in Resources */ = {isa = PBXBuildFile; fileRef = 7E1378362B360A1D00C83B78 /* Assets.xcassets */; };
		7E13783A2B360A1D00C83B78 /* Preview Assets.xcassets in Resources */ = {isa = PBXBuildFile; fileRef = 7E1378392B360A1D00C83B78 /* Preview Assets.xcassets */; };
		7E1378662B37A62700C83B78 /* ContentViewModel.swift in Sources */ = {isa = PBXBuildFile; fileRef = 7E1378652B37A62700C83B78 /* ContentViewModel.swift */; };
		7E13788C2B3889D200C83B78 /* TestableApp.swift in Sources */ = {isa = PBXBuildFile; fileRef = 7E13788B2B3889D200C83B78 /* TestableApp.swift */; };
		7E1378992B3995C000C83B78 /* Sheet.swift in Sources */ = {isa = PBXBuildFile; fileRef = 7E1378982B3995C000C83B78 /* Sheet.swift */; };
		8B2081732DEBDC3400C834FA /* SnapshotTesting in Frameworks */ = {isa = PBXBuildFile; productRef = 8B2081722DEBDC3400C834FA /* SnapshotTesting */; };
/* End PBXBuildFile section */

/* Begin PBXContainerItemProxy section */
		6C8ED5942DE0A4D40023F708 /* PBXContainerItemProxy */ = {
			isa = PBXContainerItemProxy;
			containerPortal = 7E1378272B360A1B00C83B78 /* Project object */;
			proxyType = 1;
			remoteGlobalIDString = 7E13782E2B360A1B00C83B78;
			remoteInfo = TestableApp;
		};
		8BD1FF1B2DEAFF7B0002857C /* PBXContainerItemProxy */ = {
			isa = PBXContainerItemProxy;
			containerPortal = 7E1378272B360A1B00C83B78 /* Project object */;
			proxyType = 1;
			remoteGlobalIDString = 7E13782E2B360A1B00C83B78;
			remoteInfo = TestableApp;
		};
/* End PBXContainerItemProxy section */

/* Begin PBXFileReference section */
		6C8ED58B2DE0A4D20023F708 /* TestableAppUITests.xctest */ = {isa = PBXFileReference; explicitFileType = wrapper.cfbundle; includeInIndex = 0; path = TestableAppUITests.xctest; sourceTree = BUILT_PRODUCTS_DIR; };
		7E13782F2B360A1B00C83B78 /* TestableApp.app */ = {isa = PBXFileReference; explicitFileType = wrapper.application; includeInIndex = 0; path = TestableApp.app; sourceTree = BUILT_PRODUCTS_DIR; };
		7E1378342B360A1B00C83B78 /* ContentView.swift */ = {isa = PBXFileReference; lastKnownFileType = sourcecode.swift; path = ContentView.swift; sourceTree = "<group>"; };
		7E1378362B360A1D00C83B78 /* Assets.xcassets */ = {isa = PBXFileReference; lastKnownFileType = folder.assetcatalog; path = Assets.xcassets; sourceTree = "<group>"; };
		7E1378392B360A1D00C83B78 /* Preview Assets.xcassets */ = {isa = PBXFileReference; lastKnownFileType = folder.assetcatalog; path = "Preview Assets.xcassets"; sourceTree = "<group>"; };
		7E1378652B37A62700C83B78 /* ContentViewModel.swift */ = {isa = PBXFileReference; lastKnownFileType = sourcecode.swift; path = ContentViewModel.swift; sourceTree = "<group>"; };
		7E13788B2B3889D200C83B78 /* TestableApp.swift */ = {isa = PBXFileReference; lastKnownFileType = sourcecode.swift; path = TestableApp.swift; sourceTree = "<group>"; };
		7E1378982B3995C000C83B78 /* Sheet.swift */ = {isa = PBXFileReference; lastKnownFileType = sourcecode.swift; path = Sheet.swift; sourceTree = "<group>"; };
		8BD1FF172DEAFF7B0002857C /* TestableAppTests.xctest */ = {isa = PBXFileReference; explicitFileType = wrapper.cfbundle; includeInIndex = 0; path = TestableAppTests.xctest; sourceTree = BUILT_PRODUCTS_DIR; };
/* End PBXFileReference section */

/* Begin PBXFileSystemSynchronizedRootGroup section */
		6C8ED58C2DE0A4D20023F708 /* TestableAppUITests */ = {isa = PBXFileSystemSynchronizedRootGroup; explicitFileTypes = {}; explicitFolders = (); path = TestableAppUITests; sourceTree = "<group>"; };
		8BD1FF182DEAFF7B0002857C /* TestableAppTests */ = {isa = PBXFileSystemSynchronizedRootGroup; explicitFileTypes = {}; explicitFolders = (); path = TestableAppTests; sourceTree = "<group>"; };
/* End PBXFileSystemSynchronizedRootGroup section */

/* Begin PBXFrameworksBuildPhase section */
		6C8ED5882DE0A4D20023F708 /* Frameworks */ = {
			isa = PBXFrameworksBuildPhase;
			buildActionMask = 2147483647;
			files = (
			);
			runOnlyForDeploymentPostprocessing = 0;
		};
		7E13782C2B360A1B00C83B78 /* Frameworks */ = {
			isa = PBXFrameworksBuildPhase;
			buildActionMask = 2147483647;
			files = (
				6C8ED5802DE0A0C40023F708 /* SwiftMacros in Frameworks */,
			);
			runOnlyForDeploymentPostprocessing = 0;
		};
		8BD1FF142DEAFF7B0002857C /* Frameworks */ = {
			isa = PBXFrameworksBuildPhase;
			buildActionMask = 2147483647;
			files = (
				8B2081732DEBDC3400C834FA /* SnapshotTesting in Frameworks */,
			);
			runOnlyForDeploymentPostprocessing = 0;
		};
/* End PBXFrameworksBuildPhase section */

/* Begin PBXGroup section */
		7E1378262B360A1B00C83B78 = {
			isa = PBXGroup;
			children = (
				7E1378312B360A1B00C83B78 /* TestableApp */,
				6C8ED58C2DE0A4D20023F708 /* TestableAppUITests */,
				8BD1FF182DEAFF7B0002857C /* TestableAppTests */,
				7E1378302B360A1B00C83B78 /* Products */,
			);
			sourceTree = "<group>";
		};
		7E1378302B360A1B00C83B78 /* Products */ = {
			isa = PBXGroup;
			children = (
				7E13782F2B360A1B00C83B78 /* TestableApp.app */,
				6C8ED58B2DE0A4D20023F708 /* TestableAppUITests.xctest */,
				8BD1FF172DEAFF7B0002857C /* TestableAppTests.xctest */,
			);
			name = Products;
			sourceTree = "<group>";
		};
		7E1378312B360A1B00C83B78 /* TestableApp */ = {
			isa = PBXGroup;
			children = (
				7E1378982B3995C000C83B78 /* Sheet.swift */,
				7E1378342B360A1B00C83B78 /* ContentView.swift */,
				7E1378652B37A62700C83B78 /* ContentViewModel.swift */,
				7E13788B2B3889D200C83B78 /* TestableApp.swift */,
				7E1378362B360A1D00C83B78 /* Assets.xcassets */,
				7E1378382B360A1D00C83B78 /* Preview Content */,
			);
			path = TestableApp;
			sourceTree = "<group>";
		};
		7E1378382B360A1D00C83B78 /* Preview Content */ = {
			isa = PBXGroup;
			children = (
				7E1378392B360A1D00C83B78 /* Preview Assets.xcassets */,
			);
			path = "Preview Content";
			sourceTree = "<group>";
		};
/* End PBXGroup section */

/* Begin PBXNativeTarget section */
		6C8ED58A2DE0A4D20023F708 /* TestableAppUITests */ = {
			isa = PBXNativeTarget;
			buildConfigurationList = 6C8ED5912DE0A4D20023F708 /* Build configuration list for PBXNativeTarget "TestableAppUITests" */;
			buildPhases = (
				6C8ED5872DE0A4D20023F708 /* Sources */,
				6C8ED5882DE0A4D20023F708 /* Frameworks */,
				6C8ED5892DE0A4D20023F708 /* Resources */,
			);
			buildRules = (
			);
			dependencies = (
				6C8ED5952DE0A4D40023F708 /* PBXTargetDependency */,
			);
			fileSystemSynchronizedGroups = (
				6C8ED58C2DE0A4D20023F708 /* TestableAppUITests */,
			);
			name = TestableAppUITests;
			packageProductDependencies = (
			);
			productName = TestableAppUITests;
			productReference = 6C8ED58B2DE0A4D20023F708 /* TestableAppUITests.xctest */;
			productType = "com.apple.product-type.bundle.ui-testing";
		};
		7E13782E2B360A1B00C83B78 /* TestableApp */ = {
			isa = PBXNativeTarget;
			buildConfigurationList = 7E1378532B360A1D00C83B78 /* Build configuration list for PBXNativeTarget "TestableApp" */;
			buildPhases = (
				7E13782B2B360A1B00C83B78 /* Sources */,
				7E13782C2B360A1B00C83B78 /* Frameworks */,
				7E13782D2B360A1B00C83B78 /* Resources */,
			);
			buildRules = (
			);
			dependencies = (
			);
			name = TestableApp;
			productName = "testable-view-swiftui";
			productReference = 7E13782F2B360A1B00C83B78 /* TestableApp.app */;
			productType = "com.apple.product-type.application";
		};
		8BD1FF162DEAFF7B0002857C /* TestableAppTests */ = {
			isa = PBXNativeTarget;
			buildConfigurationList = 8BD1FF1D2DEAFF7B0002857C /* Build configuration list for PBXNativeTarget "TestableAppTests" */;
			buildPhases = (
				8BD1FF132DEAFF7B0002857C /* Sources */,
				8BD1FF142DEAFF7B0002857C /* Frameworks */,
				8BD1FF152DEAFF7B0002857C /* Resources */,
			);
			buildRules = (
			);
			dependencies = (
				8BD1FF1C2DEAFF7B0002857C /* PBXTargetDependency */,
			);
			fileSystemSynchronizedGroups = (
				8BD1FF182DEAFF7B0002857C /* TestableAppTests */,
			);
			name = TestableAppTests;
			packageProductDependencies = (
				8B2081722DEBDC3400C834FA /* SnapshotTesting */,
			);
			productName = TestableAppTests;
			productReference = 8BD1FF172DEAFF7B0002857C /* TestableAppTests.xctest */;
			productType = "com.apple.product-type.bundle.unit-test";
		};
/* End PBXNativeTarget section */

/* Begin PBXProject section */
		7E1378272B360A1B00C83B78 /* Project object */ = {
			isa = PBXProject;
			attributes = {
				BuildIndependentTargetsInParallel = 1;
				LastSwiftUpdateCheck = 1620;
				LastUpgradeCheck = 1510;
				TargetAttributes = {
					6C8ED58A2DE0A4D20023F708 = {
						CreatedOnToolsVersion = 16.3;
						TestTargetID = 7E13782E2B360A1B00C83B78;
					};
					7E13782E2B360A1B00C83B78 = {
						CreatedOnToolsVersion = 15.1;
					};
					8BD1FF162DEAFF7B0002857C = {
						CreatedOnToolsVersion = 16.2;
						TestTargetID = 7E13782E2B360A1B00C83B78;
					};
				};
			};
			buildConfigurationList = 7E13782A2B360A1B00C83B78 /* Build configuration list for PBXProject "TestableApp" */;
			compatibilityVersion = "Xcode 14.0";
			developmentRegion = en;
			hasScannedForEncodings = 0;
			knownRegions = (
				en,
				Base,
			);
			mainGroup = 7E1378262B360A1B00C83B78;
			packageReferences = (
				7E13788F2B38C21B00C83B78 /* XCRemoteSwiftPackageReference "ViewInspector" */,
				6C8ED57E2DE0A0C40023F708 /* XCRemoteSwiftPackageReference "swift-macros" */,
				8B2081712DEBDC3400C834FA /* XCRemoteSwiftPackageReference "swift-snapshot-testing" */,
			);
			productRefGroup = 7E1378302B360A1B00C83B78 /* Products */;
			projectDirPath = "";
			projectRoot = "";
			targets = (
				7E13782E2B360A1B00C83B78 /* TestableApp */,
				6C8ED58A2DE0A4D20023F708 /* TestableAppUITests */,
				8BD1FF162DEAFF7B0002857C /* TestableAppTests */,
			);
		};
/* End PBXProject section */

/* Begin PBXResourcesBuildPhase section */
		6C8ED5892DE0A4D20023F708 /* Resources */ = {
			isa = PBXResourcesBuildPhase;
			buildActionMask = 2147483647;
			files = (
			);
			runOnlyForDeploymentPostprocessing = 0;
		};
		7E13782D2B360A1B00C83B78 /* Resources */ = {
			isa = PBXResourcesBuildPhase;
			buildActionMask = 2147483647;
			files = (
				7E13783A2B360A1D00C83B78 /* Preview Assets.xcassets in Resources */,
				7E1378372B360A1D00C83B78 /* Assets.xcassets in Resources */,
			);
			runOnlyForDeploymentPostprocessing = 0;
		};
		8BD1FF152DEAFF7B0002857C /* Resources */ = {
			isa = PBXResourcesBuildPhase;
			buildActionMask = 2147483647;
			files = (
			);
			runOnlyForDeploymentPostprocessing = 0;
		};
/* End PBXResourcesBuildPhase section */

/* Begin PBXSourcesBuildPhase section */
		6C8ED5872DE0A4D20023F708 /* Sources */ = {
			isa = PBXSourcesBuildPhase;
			buildActionMask = 2147483647;
			files = (
			);
			runOnlyForDeploymentPostprocessing = 0;
		};
		7E13782B2B360A1B00C83B78 /* Sources */ = {
			isa = PBXSourcesBuildPhase;
			buildActionMask = 2147483647;
			files = (
				7E1378352B360A1B00C83B78 /* ContentView.swift in Sources */,
				7E1378992B3995C000C83B78 /* Sheet.swift in Sources */,
				7E1378662B37A62700C83B78 /* ContentViewModel.swift in Sources */,
				7E13788C2B3889D200C83B78 /* TestableApp.swift in Sources */,
			);
			runOnlyForDeploymentPostprocessing = 0;
		};
		8BD1FF132DEAFF7B0002857C /* Sources */ = {
			isa = PBXSourcesBuildPhase;
			buildActionMask = 2147483647;
			files = (
			);
			runOnlyForDeploymentPostprocessing = 0;
		};
/* End PBXSourcesBuildPhase section */

/* Begin PBXTargetDependency section */
		6C8ED5952DE0A4D40023F708 /* PBXTargetDependency */ = {
			isa = PBXTargetDependency;
			target = 7E13782E2B360A1B00C83B78 /* TestableApp */;
			targetProxy = 6C8ED5942DE0A4D40023F708 /* PBXContainerItemProxy */;
		};
		8BD1FF1C2DEAFF7B0002857C /* PBXTargetDependency */ = {
			isa = PBXTargetDependency;
			target = 7E13782E2B360A1B00C83B78 /* TestableApp */;
			targetProxy = 8BD1FF1B2DEAFF7B0002857C /* PBXContainerItemProxy */;
		};
/* End PBXTargetDependency section */

/* Begin XCBuildConfiguration section */
		6C8ED5922DE0A4D20023F708 /* Debug */ = {
			isa = XCBuildConfiguration;
			buildSettings = {
				CODE_SIGN_STYLE = Automatic;
				CURRENT_PROJECT_VERSION = 1;
				DEVELOPMENT_TEAM = LCMUA6A9U3;
				GENERATE_INFOPLIST_FILE = YES;
				MACOSX_DEPLOYMENT_TARGET = 15.4;
				MARKETING_VERSION = 1.0;
				PRODUCT_BUNDLE_IDENTIFIER = com.mikhailkogan.TestableAppUITests;
				PRODUCT_NAME = "$(TARGET_NAME)";
				SDKROOT = macosx;
				SUPPORTED_PLATFORMS = "iphoneos iphonesimulator";
				SUPPORTS_MACCATALYST = NO;
				SWIFT_EMIT_LOC_STRINGS = NO;
				SWIFT_VERSION = 5.0;
				TARGETED_DEVICE_FAMILY = 1;
				TEST_TARGET_NAME = TestableApp;
			};
			name = Debug;
		};
		6C8ED5932DE0A4D20023F708 /* Release */ = {
			isa = XCBuildConfiguration;
			buildSettings = {
				CODE_SIGN_STYLE = Automatic;
				CURRENT_PROJECT_VERSION = 1;
				DEVELOPMENT_TEAM = LCMUA6A9U3;
				GENERATE_INFOPLIST_FILE = YES;
				MACOSX_DEPLOYMENT_TARGET = 15.4;
				MARKETING_VERSION = 1.0;
				PRODUCT_BUNDLE_IDENTIFIER = com.mikhailkogan.TestableAppUITests;
				PRODUCT_NAME = "$(TARGET_NAME)";
				SDKROOT = macosx;
				SUPPORTED_PLATFORMS = "iphoneos iphonesimulator";
				SUPPORTS_MACCATALYST = NO;
				SWIFT_EMIT_LOC_STRINGS = NO;
				SWIFT_VERSION = 5.0;
				TARGETED_DEVICE_FAMILY = 1;
				TEST_TARGET_NAME = TestableApp;
			};
			name = Release;
		};
		7E1378512B360A1D00C83B78 /* Debug */ = {
			isa = XCBuildConfiguration;
			buildSettings = {
				ALWAYS_SEARCH_USER_PATHS = NO;
				ASSETCATALOG_COMPILER_GENERATE_SWIFT_ASSET_SYMBOL_EXTENSIONS = YES;
				CLANG_ANALYZER_NONNULL = YES;
				CLANG_ANALYZER_NUMBER_OBJECT_CONVERSION = YES_AGGRESSIVE;
				CLANG_CXX_LANGUAGE_STANDARD = "gnu++20";
				CLANG_ENABLE_MODULES = YES;
				CLANG_ENABLE_OBJC_ARC = YES;
				CLANG_ENABLE_OBJC_WEAK = YES;
				CLANG_WARN_BLOCK_CAPTURE_AUTORELEASING = YES;
				CLANG_WARN_BOOL_CONVERSION = YES;
				CLANG_WARN_COMMA = YES;
				CLANG_WARN_CONSTANT_CONVERSION = YES;
				CLANG_WARN_DEPRECATED_OBJC_IMPLEMENTATIONS = YES;
				CLANG_WARN_DIRECT_OBJC_ISA_USAGE = YES_ERROR;
				CLANG_WARN_DOCUMENTATION_COMMENTS = YES;
				CLANG_WARN_EMPTY_BODY = YES;
				CLANG_WARN_ENUM_CONVERSION = YES;
				CLANG_WARN_INFINITE_RECURSION = YES;
				CLANG_WARN_INT_CONVERSION = YES;
				CLANG_WARN_NON_LITERAL_NULL_CONVERSION = YES;
				CLANG_WARN_OBJC_IMPLICIT_RETAIN_SELF = YES;
				CLANG_WARN_OBJC_LITERAL_CONVERSION = YES;
				CLANG_WARN_OBJC_ROOT_CLASS = YES_ERROR;
				CLANG_WARN_QUOTED_INCLUDE_IN_FRAMEWORK_HEADER = YES;
				CLANG_WARN_RANGE_LOOP_ANALYSIS = YES;
				CLANG_WARN_STRICT_PROTOTYPES = YES;
				CLANG_WARN_SUSPICIOUS_MOVE = YES;
				CLANG_WARN_UNGUARDED_AVAILABILITY = YES_AGGRESSIVE;
				CLANG_WARN_UNREACHABLE_CODE = YES;
				CLANG_WARN__DUPLICATE_METHOD_MATCH = YES;
				COPY_PHASE_STRIP = NO;
				DEBUG_INFORMATION_FORMAT = dwarf;
				ENABLE_STRICT_OBJC_MSGSEND = YES;
				ENABLE_TESTABILITY = YES;
				ENABLE_USER_SCRIPT_SANDBOXING = YES;
				GCC_C_LANGUAGE_STANDARD = gnu17;
				GCC_DYNAMIC_NO_PIC = NO;
				GCC_NO_COMMON_BLOCKS = YES;
				GCC_OPTIMIZATION_LEVEL = 0;
				GCC_PREPROCESSOR_DEFINITIONS = (
					"DEBUG=1",
					"$(inherited)",
				);
				GCC_WARN_64_TO_32_BIT_CONVERSION = YES;
				GCC_WARN_ABOUT_RETURN_TYPE = YES_ERROR;
				GCC_WARN_UNDECLARED_SELECTOR = YES;
				GCC_WARN_UNINITIALIZED_AUTOS = YES_AGGRESSIVE;
				GCC_WARN_UNUSED_FUNCTION = YES;
				GCC_WARN_UNUSED_VARIABLE = YES;
				IPHONEOS_DEPLOYMENT_TARGET = 17.2;
				LOCALIZATION_PREFERS_STRING_CATALOGS = YES;
				MTL_ENABLE_DEBUG_INFO = INCLUDE_SOURCE;
				MTL_FAST_MATH = YES;
				ONLY_ACTIVE_ARCH = YES;
				SDKROOT = iphoneos;
				SWIFT_ACTIVE_COMPILATION_CONDITIONS = "DEBUG $(inherited)";
				SWIFT_OPTIMIZATION_LEVEL = "-Onone";
			};
			name = Debug;
		};
		7E1378522B360A1D00C83B78 /* Release */ = {
			isa = XCBuildConfiguration;
			buildSettings = {
				ALWAYS_SEARCH_USER_PATHS = NO;
				ASSETCATALOG_COMPILER_GENERATE_SWIFT_ASSET_SYMBOL_EXTENSIONS = YES;
				CLANG_ANALYZER_NONNULL = YES;
				CLANG_ANALYZER_NUMBER_OBJECT_CONVERSION = YES_AGGRESSIVE;
				CLANG_CXX_LANGUAGE_STANDARD = "gnu++20";
				CLANG_ENABLE_MODULES = YES;
				CLANG_ENABLE_OBJC_ARC = YES;
				CLANG_ENABLE_OBJC_WEAK = YES;
				CLANG_WARN_BLOCK_CAPTURE_AUTORELEASING = YES;
				CLANG_WARN_BOOL_CONVERSION = YES;
				CLANG_WARN_COMMA = YES;
				CLANG_WARN_CONSTANT_CONVERSION = YES;
				CLANG_WARN_DEPRECATED_OBJC_IMPLEMENTATIONS = YES;
				CLANG_WARN_DIRECT_OBJC_ISA_USAGE = YES_ERROR;
				CLANG_WARN_DOCUMENTATION_COMMENTS = YES;
				CLANG_WARN_EMPTY_BODY = YES;
				CLANG_WARN_ENUM_CONVERSION = YES;
				CLANG_WARN_INFINITE_RECURSION = YES;
				CLANG_WARN_INT_CONVERSION = YES;
				CLANG_WARN_NON_LITERAL_NULL_CONVERSION = YES;
				CLANG_WARN_OBJC_IMPLICIT_RETAIN_SELF = YES;
				CLANG_WARN_OBJC_LITERAL_CONVERSION = YES;
				CLANG_WARN_OBJC_ROOT_CLASS = YES_ERROR;
				CLANG_WARN_QUOTED_INCLUDE_IN_FRAMEWORK_HEADER = YES;
				CLANG_WARN_RANGE_LOOP_ANALYSIS = YES;
				CLANG_WARN_STRICT_PROTOTYPES = YES;
				CLANG_WARN_SUSPICIOUS_MOVE = YES;
				CLANG_WARN_UNGUARDED_AVAILABILITY = YES_AGGRESSIVE;
				CLANG_WARN_UNREACHABLE_CODE = YES;
				CLANG_WARN__DUPLICATE_METHOD_MATCH = YES;
				COPY_PHASE_STRIP = NO;
				DEBUG_INFORMATION_FORMAT = "dwarf-with-dsym";
				ENABLE_NS_ASSERTIONS = NO;
				ENABLE_STRICT_OBJC_MSGSEND = YES;
				ENABLE_USER_SCRIPT_SANDBOXING = YES;
				GCC_C_LANGUAGE_STANDARD = gnu17;
				GCC_NO_COMMON_BLOCKS = YES;
				GCC_WARN_64_TO_32_BIT_CONVERSION = YES;
				GCC_WARN_ABOUT_RETURN_TYPE = YES_ERROR;
				GCC_WARN_UNDECLARED_SELECTOR = YES;
				GCC_WARN_UNINITIALIZED_AUTOS = YES_AGGRESSIVE;
				GCC_WARN_UNUSED_FUNCTION = YES;
				GCC_WARN_UNUSED_VARIABLE = YES;
				IPHONEOS_DEPLOYMENT_TARGET = 17.2;
				LOCALIZATION_PREFERS_STRING_CATALOGS = YES;
				MTL_ENABLE_DEBUG_INFO = NO;
				MTL_FAST_MATH = YES;
				SDKROOT = iphoneos;
				SWIFT_COMPILATION_MODE = wholemodule;
				VALIDATE_PRODUCT = YES;
			};
			name = Release;
		};
		7E1378542B360A1D00C83B78 /* Debug */ = {
			isa = XCBuildConfiguration;
			buildSettings = {
				ASSETCATALOG_COMPILER_APPICON_NAME = AppIcon;
				ASSETCATALOG_COMPILER_GLOBAL_ACCENT_COLOR_NAME = AccentColor;
				CODE_SIGN_STYLE = Manual;
				CURRENT_PROJECT_VERSION = 1;
				DEVELOPMENT_ASSET_PATHS = "\"TestableApp/Preview Content\"";
				DEVELOPMENT_TEAM = "";
				ENABLE_PREVIEWS = YES;
				GENERATE_INFOPLIST_FILE = YES;
				INFOPLIST_KEY_UIApplicationSceneManifest_Generation = YES;
				INFOPLIST_KEY_UIApplicationSupportsIndirectInputEvents = YES;
				INFOPLIST_KEY_UILaunchScreen_Generation = YES;
				INFOPLIST_KEY_UISupportedInterfaceOrientations_iPad = "UIInterfaceOrientationPortrait UIInterfaceOrientationPortraitUpsideDown UIInterfaceOrientationLandscapeLeft UIInterfaceOrientationLandscapeRight";
				INFOPLIST_KEY_UISupportedInterfaceOrientations_iPhone = "UIInterfaceOrientationPortrait UIInterfaceOrientationLandscapeLeft UIInterfaceOrientationLandscapeRight";
				LD_RUNPATH_SEARCH_PATHS = (
					"$(inherited)",
					"@executable_path/Frameworks",
				);
				MARKETING_VERSION = 1.0;
				PRODUCT_BUNDLE_IDENTIFIER = com.mikhailkogan.TestableApp;
				PRODUCT_NAME = "$(TARGET_NAME)";
				PROVISIONING_PROFILE_SPECIFIER = "";
				SUPPORTED_PLATFORMS = "iphoneos iphonesimulator";
				SUPPORTS_MACCATALYST = NO;
				SUPPORTS_MAC_DESIGNED_FOR_IPHONE_IPAD = NO;
				SUPPORTS_XR_DESIGNED_FOR_IPHONE_IPAD = NO;
				SWIFT_EMIT_LOC_STRINGS = YES;
				SWIFT_VERSION = 5.0;
				TARGETED_DEVICE_FAMILY = 1;
			};
			name = Debug;
		};
		7E1378552B360A1D00C83B78 /* Release */ = {
			isa = XCBuildConfiguration;
			buildSettings = {
				ASSETCATALOG_COMPILER_APPICON_NAME = AppIcon;
				ASSETCATALOG_COMPILER_GLOBAL_ACCENT_COLOR_NAME = AccentColor;
				CODE_SIGN_STYLE = Manual;
				CURRENT_PROJECT_VERSION = 1;
				DEVELOPMENT_ASSET_PATHS = "\"TestableApp/Preview Content\"";
				DEVELOPMENT_TEAM = "";
				ENABLE_PREVIEWS = YES;
				GENERATE_INFOPLIST_FILE = YES;
				INFOPLIST_KEY_UIApplicationSceneManifest_Generation = YES;
				INFOPLIST_KEY_UIApplicationSupportsIndirectInputEvents = YES;
				INFOPLIST_KEY_UILaunchScreen_Generation = YES;
				INFOPLIST_KEY_UISupportedInterfaceOrientations_iPad = "UIInterfaceOrientationPortrait UIInterfaceOrientationPortraitUpsideDown UIInterfaceOrientationLandscapeLeft UIInterfaceOrientationLandscapeRight";
				INFOPLIST_KEY_UISupportedInterfaceOrientations_iPhone = "UIInterfaceOrientationPortrait UIInterfaceOrientationLandscapeLeft UIInterfaceOrientationLandscapeRight";
				LD_RUNPATH_SEARCH_PATHS = (
					"$(inherited)",
					"@executable_path/Frameworks",
				);
				MARKETING_VERSION = 1.0;
				PRODUCT_BUNDLE_IDENTIFIER = com.mikhailkogan.TestableApp;
				PRODUCT_NAME = "$(TARGET_NAME)";
				PROVISIONING_PROFILE_SPECIFIER = "";
				SUPPORTED_PLATFORMS = "iphoneos iphonesimulator";
				SUPPORTS_MACCATALYST = NO;
				SUPPORTS_MAC_DESIGNED_FOR_IPHONE_IPAD = NO;
				SUPPORTS_XR_DESIGNED_FOR_IPHONE_IPAD = NO;
				SWIFT_EMIT_LOC_STRINGS = YES;
				SWIFT_VERSION = 5.0;
				TARGETED_DEVICE_FAMILY = 1;
			};
			name = Release;
		};
		8BD1FF1E2DEAFF7B0002857C /* Debug */ = {
			isa = XCBuildConfiguration;
			buildSettings = {
				BUNDLE_LOADER = "$(TEST_HOST)";
				CODE_SIGN_STYLE = Manual;
				CURRENT_PROJECT_VERSION = 1;
				DEVELOPMENT_TEAM = "";
				GENERATE_INFOPLIST_FILE = YES;
				IPHONEOS_DEPLOYMENT_TARGET = 17.2;
				MARKETING_VERSION = 1.0;
				PRODUCT_BUNDLE_IDENTIFIER = com.my.TestableAppTests;
				PRODUCT_NAME = "$(TARGET_NAME)";
				PROVISIONING_PROFILE_SPECIFIER = "";
				SUPPORTED_PLATFORMS = "iphoneos iphonesimulator";
				SUPPORTS_MACCATALYST = NO;
				SUPPORTS_MAC_DESIGNED_FOR_IPHONE_IPAD = NO;
				SUPPORTS_XR_DESIGNED_FOR_IPHONE_IPAD = NO;
				SWIFT_EMIT_LOC_STRINGS = NO;
				SWIFT_VERSION = 5.0;
				TARGETED_DEVICE_FAMILY = 1;
				TEST_HOST = "$(BUILT_PRODUCTS_DIR)/TestableApp.app/$(BUNDLE_EXECUTABLE_FOLDER_PATH)/TestableApp";
			};
			name = Debug;
		};
		8BD1FF1F2DEAFF7B0002857C /* Release */ = {
			isa = XCBuildConfiguration;
			buildSettings = {
				BUNDLE_LOADER = "$(TEST_HOST)";
				CODE_SIGN_STYLE = Manual;
				CURRENT_PROJECT_VERSION = 1;
				DEVELOPMENT_TEAM = "";
				GENERATE_INFOPLIST_FILE = YES;
				IPHONEOS_DEPLOYMENT_TARGET = 17.2;
				MARKETING_VERSION = 1.0;
				PRODUCT_BUNDLE_IDENTIFIER = com.my.TestableAppTests;
				PRODUCT_NAME = "$(TARGET_NAME)";
				PROVISIONING_PROFILE_SPECIFIER = "";
				SUPPORTED_PLATFORMS = "iphoneos iphonesimulator";
				SUPPORTS_MACCATALYST = NO;
				SUPPORTS_MAC_DESIGNED_FOR_IPHONE_IPAD = NO;
				SUPPORTS_XR_DESIGNED_FOR_IPHONE_IPAD = NO;
				SWIFT_EMIT_LOC_STRINGS = NO;
				SWIFT_VERSION = 5.0;
				TARGETED_DEVICE_FAMILY = 1;
				TEST_HOST = "$(BUILT_PRODUCTS_DIR)/TestableApp.app/$(BUNDLE_EXECUTABLE_FOLDER_PATH)/TestableApp";
			};
			name = Release;
		};
/* End XCBuildConfiguration section */

/* Begin XCConfigurationList section */
		6C8ED5912DE0A4D20023F708 /* Build configuration list for PBXNativeTarget "TestableAppUITests" */ = {
			isa = XCConfigurationList;
			buildConfigurations = (
				6C8ED5922DE0A4D20023F708 /* Debug */,
				6C8ED5932DE0A4D20023F708 /* Release */,
			);
			defaultConfigurationIsVisible = 0;
			defaultConfigurationName = Release;
		};
		7E13782A2B360A1B00C83B78 /* Build configuration list for PBXProject "TestableApp" */ = {
			isa = XCConfigurationList;
			buildConfigurations = (
				7E1378512B360A1D00C83B78 /* Debug */,
				7E1378522B360A1D00C83B78 /* Release */,
			);
			defaultConfigurationIsVisible = 0;
			defaultConfigurationName = Release;
		};
		7E1378532B360A1D00C83B78 /* Build configuration list for PBXNativeTarget "TestableApp" */ = {
			isa = XCConfigurationList;
			buildConfigurations = (
				7E1378542B360A1D00C83B78 /* Debug */,
				7E1378552B360A1D00C83B78 /* Release */,
			);
			defaultConfigurationIsVisible = 0;
			defaultConfigurationName = Release;
		};
		8BD1FF1D2DEAFF7B0002857C /* Build configuration list for PBXNativeTarget "TestableAppTests" */ = {
			isa = XCConfigurationList;
			buildConfigurations = (
				8BD1FF1E2DEAFF7B0002857C /* Debug */,
				8BD1FF1F2DEAFF7B0002857C /* Release */,
			);
			defaultConfigurationIsVisible = 0;
			defaultConfigurationName = Release;
		};
/* End XCConfigurationList section */

/* Begin XCRemoteSwiftPackageReference section */
		6C8ED57E2DE0A0C40023F708 /* XCRemoteSwiftPackageReference "swift-macros" */ = {
			isa = XCRemoteSwiftPackageReference;
			repositoryURL = "https://github.com/bernndr/swift-macros";
			requirement = {
				kind = upToNextMajorVersion;
				minimumVersion = 0.1.1;
			};
		};
		7E13788F2B38C21B00C83B78 /* XCRemoteSwiftPackageReference "ViewInspector" */ = {
			isa = XCRemoteSwiftPackageReference;
			repositoryURL = "https://github.com/nalexn/ViewInspector.git";
			requirement = {
				kind = upToNextMajorVersion;
				minimumVersion = 0.9.9;
			};
		};
		8B2081712DEBDC3400C834FA /* XCRemoteSwiftPackageReference "swift-snapshot-testing" */ = {
			isa = XCRemoteSwiftPackageReference;
			repositoryURL = "https://github.com/pointfreeco/swift-snapshot-testing";
			requirement = {
				kind = exactVersion;
				version = 1.12.0;
			};
		};
/* End XCRemoteSwiftPackageReference section */

/* Begin XCSwiftPackageProductDependency section */
		6C8ED57F2DE0A0C40023F708 /* SwiftMacros */ = {
			isa = XCSwiftPackageProductDependency;
			package = 6C8ED57E2DE0A0C40023F708 /* XCRemoteSwiftPackageReference "swift-macros" */;
			productName = SwiftMacros;
		};
		8B2081722DEBDC3400C834FA /* SnapshotTesting */ = {
			isa = XCSwiftPackageProductDependency;
			package = 8B2081712DEBDC3400C834FA /* XCRemoteSwiftPackageReference "swift-snapshot-testing" */;
			productName = SnapshotTesting;
		};
/* End XCSwiftPackageProductDependency section */
	};
	rootObject = 7E1378272B360A1B00C83B78 /* Project object */;
}
